<?xml version="1.0" encoding="utf-8"?>
<Project ToolsVersion="4.0" xmlns="http://schemas.microsoft.com/developer/msbuild/2003">
  <ItemGroup>
    <ClCompile Include="..\..\..\src\main.cpp" />
    <ClCompile Include="..\..\..\src\common\segmentInfo.cpp">
      <Filter>common</Filter>
    </ClCompile>
    <ClCompile Include="..\..\..\src\parser\boxFactory.cpp">
      <Filter>parser</Filter>
    </ClCompile>
    <ClCompile Include="..\..\..\src\parser\certificateStorage.cpp">
      <Filter>parser</Filter>
    </ClCompile>
    <ClCompile Include="..\..\..\src\parser\consistencyChecker.cpp">
      <Filter>parser</Filter>
    </ClCompile>
    <ClCompile Include="..\..\..\src\parser\fourcc.cpp">
      <Filter>parser</Filter>
    </ClCompile>
    <ClCompile Include="..\..\..\src\parser\mediaParser.cpp">
      <Filter>parser</Filter>
    </ClCompile>
    <ClCompile Include="..\..\..\src\parser\segmentExtractor.cpp">
      <Filter>parser</Filter>
    </ClCompile>
    <ClCompile Include="..\..\..\src\parser\signatureExtractor.cpp">
      <Filter>parser</Filter>
    </ClCompile>
    <ClCompile Include="..\..\..\src\parser\validatorISO.cpp">
      <Filter>parser</Filter>
    </ClCompile>
    <ClCompile Include="..\..\..\src\parser\validatorOXF.cpp">
      <Filter>parser</Filter>
    </ClCompile>
    <ClCompile Include="..\..\..\src\parser\validatorSurveillance.cpp">
      <Filter>parser</Filter>
    </ClCompile>
    <ClCompile Include="..\..\..\src\parser\basic\box.cpp">
      <Filter>parser\basic</Filter>
    </ClCompile>
    <ClCompile Include="..\..\..\src\parser\basic\mandatoryBox.cpp">
      <Filter>parser\basic</Filter>
    </ClCompile>
    <ClCompile Include="..\..\..\src\parser\basic\unknownBox.cpp">
      <Filter>parser\basic</Filter>
    </ClCompile>
    <ClCompile Include="..\..\..\src\parserUI\oxfverifier.cpp">
      <Filter>parserUI</Filter>
    </ClCompile>
    <ClCompile Include="..\..\..\src\parserUI\parserWidget.cpp">
      <Filter>parserUI</Filter>
    </ClCompile>
    <ClCompile Include="..\..\..\src\parserUI\verifyerdialog.cpp">
      <Filter>parserUI</Filter>
    </ClCompile>
    <ClCompile Include="..\..\..\src\parserUI\certificateStorageDialog.cpp">
      <Filter>parserUI</Filter>
    </ClCompile>
    <ClCompile Include="..\..\..\src\player\audioPlayback.cpp">
      <Filter>player</Filter>
    </ClCompile>
    <ClCompile Include="..\..\..\src\player\avFrameWrapper.cpp">
      <Filter>player</Filter>
    </ClCompile>
    <ClCompile Include="..\..\..\src\player\controller.cpp">
      <Filter>player</Filter>
    </ClCompile>
    <ClCompile Include="..\..\..\src\player\engine.cpp">
      <Filter>player</Filter>
    </ClCompile>
    <ClCompile Include="..\..\..\src\player\portAudioPlayback.cpp">
      <Filter>player</Filter>
    </ClCompile>
    <ClCompile Include="..\..\..\src\player\portAudioThread.cpp">
      <Filter>player</Filter>
    </ClCompile>
    <ClCompile Include="..\..\..\src\player\queuedAudioDecoder.cpp">
      <Filter>player</Filter>
    </ClCompile>
    <ClCompile Include="..\..\..\src\player\queuedMetadataDecoder.cpp">
      <Filter>player</Filter>
    </ClCompile>
    <ClCompile Include="..\..\..\src\player\queuedVideoDecoder.cpp">
      <Filter>player</Filter>
    </ClCompile>
    <ClCompile Include="..\..\..\src\player\streamReader.cpp">
      <Filter>player</Filter>
    </ClCompile>
    <ClCompile Include="..\..\..\src\player\syncThread.cpp">
      <Filter>player</Filter>
    </ClCompile>
    <ClCompile Include="..\..\..\src\player\videoContext.cpp">
      <Filter>player</Filter>
    </ClCompile>
    <ClCompile Include="..\..\..\src\player\videoPlayback.cpp">
      <Filter>player</Filter>
    </ClCompile>
    <ClCompile Include="..\..\..\src\player\audioContext.cpp">
      <Filter>player</Filter>
    </ClCompile>
    <ClCompile Include="..\..\..\src\playerUI\clickableSlider.cpp">
      <Filter>playerUI</Filter>
    </ClCompile>
    <ClCompile Include="..\..\..\src\playerUI\controlsWidget.cpp">
      <Filter>playerUI</Filter>
    </ClCompile>
    <ClCompile Include="..\..\..\src\playerUI\fullscreenPlayerWidget.cpp">
      <Filter>playerUI</Filter>
    </ClCompile>
    <ClCompile Include="..\..\..\src\playerUI\movingOutArea.cpp">
      <Filter>playerUI</Filter>
    </ClCompile>
    <ClCompile Include="..\..\..\src\playerUI\playerWidget.cpp">
      <Filter>playerUI</Filter>
    </ClCompile>
    <ClCompile Include="..\..\..\src\playerUI\videoFrameWidget.cpp">
      <Filter>playerUI</Filter>
    </ClCompile>
  </ItemGroup>
  <ItemGroup>
    <Filter Include="common">
      <UniqueIdentifier>{89f43baf-e836-4bd3-9146-f6f998871647}</UniqueIdentifier>
    </Filter>
    <Filter Include="parser">
      <UniqueIdentifier>{c809d1c6-225a-4de9-942a-31e0f7d5a786}</UniqueIdentifier>
    </Filter>
    <Filter Include="parser\basic">
      <UniqueIdentifier>{0370a312-c986-4a74-a66e-ad59c4514999}</UniqueIdentifier>
    </Filter>
    <Filter Include="parser\basic\mixin">
      <UniqueIdentifier>{421ba914-05de-4182-9dc2-52de473f2917}</UniqueIdentifier>
    </Filter>
    <Filter Include="parser\helpers">
      <UniqueIdentifier>{2ce14e80-92a0-4781-9257-ed57081e40fe}</UniqueIdentifier>
    </Filter>
    <Filter Include="parserUI">
      <UniqueIdentifier>{45837256-6f1c-4623-bfc2-11c0b6dcf203}</UniqueIdentifier>
    </Filter>
    <Filter Include="player">
      <UniqueIdentifier>{9fd97673-2deb-41bf-ac9c-be31b416f5ea}</UniqueIdentifier>
    </Filter>
    <Filter Include="playerUI">
      <UniqueIdentifier>{245eecbc-d982-4124-b214-07340b8422b4}</UniqueIdentifier>
    </Filter>
    <Filter Include="resources">
      <UniqueIdentifier>{799fc2ec-c0a7-46a7-ac65-296960308ce1}</UniqueIdentifier>
    </Filter>
  </ItemGroup>
  <ItemGroup>
    <ClInclude Include="..\..\..\src\common\crosscompilation_inttypes.h">
      <Filter>common</Filter>
    </ClInclude>
    <ClInclude Include="..\..\..\src\common\defines.h">
      <Filter>common</Filter>
    </ClInclude>
    <ClInclude Include="..\..\..\src\common\enums.h">
      <Filter>common</Filter>
    </ClInclude>
    <ClInclude Include="..\..\..\src\common\ffmpeg.h">
      <Filter>common</Filter>
    </ClInclude>
    <ClInclude Include="..\..\..\src\common\ONVIFSignInfo.h">
      <Filter>common</Filter>
    </ClInclude>
    <ClInclude Include="..\..\..\src\common\queue.h">
      <Filter>common</Filter>
    </ClInclude>
    <ClInclude Include="..\..\..\src\common\segmentInfo.h">
      <Filter>common</Filter>
    </ClInclude>
    <ClInclude Include="..\..\..\src\common\signingInformation.h">
      <Filter>common</Filter>
    </ClInclude>
    <ClInclude Include="..\..\..\src\common\types.h">
      <Filter>common</Filter>
    </ClInclude>
    <ClInclude Include="..\..\..\src\common\crosscompilation_cxx11.h">
      <Filter>common</Filter>
    </ClInclude>
    <ClInclude Include="..\..\..\src\parser\additionalUserInformation.hpp">
      <Filter>parser</Filter>
    </ClInclude>
    <ClInclude Include="..\..\..\src\parser\afIdentificationBox.hpp">
      <Filter>parser</Filter>
    </ClInclude>
    <ClInclude Include="..\..\..\src\parser\cameraMicrophoneIdentificationBox.hpp">
      <Filter>parser</Filter>
    </ClInclude>
    <ClInclude Include="..\..\..\src\parser\certificateBox.hpp">
      <Filter>parser</Filter>
    </ClInclude>
    <ClInclude Include="..\..\..\src\parser\certificateStorage.h">
      <Filter>parser</Filter>
    </ClInclude>
    <ClInclude Include="..\..\..\src\parser\compactSampleSizeBox.hpp">
      <Filter>parser</Filter>
    </ClInclude>
    <ClInclude Include="..\..\..\src\parser\correctstarttimebox.hpp">
      <Filter>parser</Filter>
    </ClInclude>
    <ClInclude Include="..\..\..\src\parser\editListBox.hpp">
      <Filter>parser</Filter>
    </ClInclude>
    <ClInclude Include="..\..\..\src\parser\fileTypeBox.hpp">
      <Filter>parser</Filter>
    </ClInclude>
    <ClInclude Include="..\..\..\src\parser\fourcc.h">
      <Filter>parser</Filter>
    </ClInclude>
    <ClInclude Include="..\..\..\src\parser\mediaHeaderBox.hpp">
      <Filter>parser</Filter>
    </ClInclude>
    <ClInclude Include="..\..\..\src\parser\movieExtendsHeaderBox.hpp">
      <Filter>parser</Filter>
    </ClInclude>
    <ClInclude Include="..\..\..\src\parser\movieHeaderBox.hpp">
      <Filter>parser</Filter>
    </ClInclude>
    <ClInclude Include="..\..\..\src\parser\sampleDependencyTypeBox.hpp">
      <Filter>parser</Filter>
    </ClInclude>
    <ClInclude Include="..\..\..\src\parser\sampleSizeBox.hpp">
      <Filter>parser</Filter>
    </ClInclude>
    <ClInclude Include="..\..\..\src\parser\signatureBox.hpp">
      <Filter>parser</Filter>
    </ClInclude>
    <ClInclude Include="..\..\..\src\parser\signatureConfigurationBox.hpp">
      <Filter>parser</Filter>
    </ClInclude>
    <ClInclude Include="..\..\..\src\parser\surveillanceExportBox.hpp">
      <Filter>parser</Filter>
    </ClInclude>
    <ClInclude Include="..\..\..\src\parser\surveillanceMetadataSampleConfigBox.hpp">
      <Filter>parser</Filter>
    </ClInclude>
    <ClInclude Include="..\..\..\src\parser\surveillanceMetadataSampleEntryBox.hpp">
      <Filter>parser</Filter>
    </ClInclude>
    <ClInclude Include="..\..\..\src\parser\templateContentBoxes.hpp">
      <Filter>parser</Filter>
    </ClInclude>
    <ClInclude Include="..\..\..\src\parser\templateFullBoxes.hpp">
      <Filter>parser</Filter>
    </ClInclude>
    <ClInclude Include="..\..\..\src\parser\templateSuperBoxes.hpp">
      <Filter>parser</Filter>
    </ClInclude>
    <ClInclude Include="..\..\..\src\parser\templateSuperFullBoxes.hpp">
      <Filter>parser</Filter>
    </ClInclude>
    <ClInclude Include="..\..\..\src\parser\templateTableBoxes.hpp">
      <Filter>parser</Filter>
    </ClInclude>
    <ClInclude Include="..\..\..\src\parser\trackFragmentHeaderBox.hpp">
      <Filter>parser</Filter>
    </ClInclude>
    <ClInclude Include="..\..\..\src\parser\trackFragmentRandomAccessBox.hpp">
      <Filter>parser</Filter>
    </ClInclude>
    <ClInclude Include="..\..\..\src\parser\trackHeaderBox.hpp">
      <Filter>parser</Filter>
    </ClInclude>
    <ClInclude Include="..\..\..\src\parser\trackRunBox.hpp">
      <Filter>parser</Filter>
    </ClInclude>
    <ClInclude Include="..\..\..\src\parser\basic\box.h">
      <Filter>parser\basic</Filter>
    </ClInclude>
    <ClInclude Include="..\..\..\src\parser\basic\contentBox.hpp">
      <Filter>parser\basic</Filter>
    </ClInclude>
    <ClInclude Include="..\..\..\src\parser\basic\dataBox.hpp">
      <Filter>parser\basic</Filter>
    </ClInclude>
    <ClInclude Include="..\..\..\src\parser\basic\fileBox.hpp">
      <Filter>parser\basic</Filter>
    </ClInclude>
    <ClInclude Include="..\..\..\src\parser\basic\fullBox.hpp">
      <Filter>parser\basic</Filter>
    </ClInclude>
    <ClInclude Include="..\..\..\src\parser\basic\mandatoryBox.h">
      <Filter>parser\basic</Filter>
    </ClInclude>
    <ClInclude Include="..\..\..\src\parser\basic\superBox.hpp">
      <Filter>parser\basic</Filter>
    </ClInclude>
    <ClInclude Include="..\..\..\src\parser\basic\superFullBox.hpp">
      <Filter>parser\basic</Filter>
    </ClInclude>
    <ClInclude Include="..\..\..\src\parser\basic\tableBox.hpp">
      <Filter>parser\basic</Filter>
    </ClInclude>
    <ClInclude Include="..\..\..\src\parser\basic\unknownBox.h">
      <Filter>parser\basic</Filter>
    </ClInclude>
    <ClInclude Include="..\..\..\src\parser\basic\mixin\children.hpp">
      <Filter>parser\basic\mixin</Filter>
    </ClInclude>
    <ClInclude Include="..\..\..\src\parser\basic\mixin\data.hpp">
      <Filter>parser\basic\mixin</Filter>
    </ClInclude>
    <ClInclude Include="..\..\..\src\parser\basic\mixin\table.hpp">
      <Filter>parser\basic\mixin</Filter>
    </ClInclude>
    <ClInclude Include="..\..\..\src\parser\helpers\property.hpp">
      <Filter>parser\helpers</Filter>
    </ClInclude>
    <ClInclude Include="..\..\..\src\parser\helpers\uint24.hpp">
      <Filter>parser\helpers</Filter>
    </ClInclude>
    <ClInclude Include="..\..\..\src\parser\helpers\endian.hpp">
      <Filter>parser\helpers</Filter>
    </ClInclude>
    <ClInclude Include="..\..\..\src\parser\helpers\is_a.hpp">
      <Filter>parser\helpers</Filter>
    </ClInclude>
    <ClInclude Include="..\..\..\src\parser\helpers\istream.hpp">
      <Filter>parser\helpers</Filter>
    </ClInclude>
    <ClInclude Include="..\..\..\src\parser\helpers\optional.hpp">
      <Filter>parser\helpers</Filter>
    </ClInclude>
    <ClInclude Include="..\..\..\src\player\avFrameWrapper.h">
      <Filter>player</Filter>
    </ClInclude>
    <ClInclude Include="..\..\..\src\player\decoder.h">
      <Filter>player</Filter>
    </ClInclude>
    <ClInclude Include="..\..\..\src\player\queuedAudioDecoder.h">
      <Filter>player</Filter>
    </ClInclude>
    <ClInclude Include="..\..\..\src\player\queuedDecoder.h">
      <Filter>player</Filter>
    </ClInclude>
    <ClInclude Include="..\..\..\src\player\queuedMetadataDecoder.h">
      <Filter>player</Filter>
    </ClInclude>
    <ClInclude Include="..\..\..\src\player\queuedVideoDecoder.h">
      <Filter>player</Filter>
    </ClInclude>
    <ClInclude Include="..\..\..\src\player\streamReader.h">
      <Filter>player</Filter>
    </ClInclude>
    <ClInclude Include="..\..\..\src\player\syncThread.h">
      <Filter>player</Filter>
    </ClInclude>
    <ClInclude Include="..\..\..\src\player\videoContext.h">
      <Filter>player</Filter>
    </ClInclude>
    <ClInclude Include="..\..\..\src\player\audioContext.h">
      <Filter>player</Filter>
    </ClInclude>
    <ClInclude Include="..\..\..\src\playerUI\playerWidgetInterface.h">
      <Filter>playerUI</Filter>
    </ClInclude>
  </ItemGroup>
  <ItemGroup>
    <QtMoc Include="..\..\..\src\parser\boxFactory.h">
      <Filter>parser</Filter>
    </QtMoc>
    <QtMoc Include="..\..\..\src\parser\consistencyChecker.h">
      <Filter>parser</Filter>
    </QtMoc>
    <QtMoc Include="..\..\..\src\parser\mediaParser.h">
      <Filter>parser</Filter>
    </QtMoc>
    <QtMoc Include="..\..\..\src\parser\segmentExtractor.h">
      <Filter>parser</Filter>
    </QtMoc>
    <QtMoc Include="..\..\..\src\parser\signatureExtractor.h">
      <Filter>parser</Filter>
    </QtMoc>
    <QtMoc Include="..\..\..\src\parser\validatorISO.h">
      <Filter>parser</Filter>
    </QtMoc>
    <QtMoc Include="..\..\..\src\parser\validatorOXF.h">
      <Filter>parser</Filter>
    </QtMoc>
    <QtMoc Include="..\..\..\src\parser\validatorSurveillance.h">
      <Filter>parser</Filter>
    </QtMoc>
    <QtMoc Include="..\..\..\src\parserUI\oxfverifier.h">
      <Filter>parserUI</Filter>
    </QtMoc>
    <QtMoc Include="..\..\..\src\parserUI\parserWidget.h">
      <Filter>parserUI</Filter>
    </QtMoc>
    <QtMoc Include="..\..\..\src\parserUI\verifyerdialog.h">
      <Filter>parserUI</Filter>
    </QtMoc>
    <QtMoc Include="..\..\..\src\parserUI\certificateStorageDialog.h">
      <Filter>parserUI</Filter>
    </QtMoc>
    <QtMoc Include="..\..\..\src\player\audioPlayback.h">
      <Filter>player</Filter>
    </QtMoc>
    <QtMoc Include="..\..\..\src\player\basePlayback.h">
      <Filter>player</Filter>
    </QtMoc>
    <QtMoc Include="..\..\..\src\player\controller.h">
      <Filter>player</Filter>
    </QtMoc>
    <QtMoc Include="..\..\..\src\player\engine.h">
      <Filter>player</Filter>
    </QtMoc>
    <QtMoc Include="..\..\..\src\player\portAudioPlayback.h">
      <Filter>player</Filter>
    </QtMoc>
    <QtMoc Include="..\..\..\src\player\portAudioThread.h">
      <Filter>player</Filter>
    </QtMoc>
    <QtMoc Include="..\..\..\src\player\videoPlayback.h">
      <Filter>player</Filter>
    </QtMoc>
    <QtMoc Include="..\..\..\src\playerUI\clickableSlider.h">
      <Filter>playerUI</Filter>
    </QtMoc>
    <QtMoc Include="..\..\..\src\playerUI\controlsWidget.h">
      <Filter>playerUI</Filter>
    </QtMoc>
    <QtMoc Include="..\..\..\src\playerUI\fullscreenPlayerWidget.h">
      <Filter>playerUI</Filter>
    </QtMoc>
    <QtMoc Include="..\..\..\src\playerUI\movingOutArea.h">
      <Filter>playerUI</Filter>
    </QtMoc>
    <QtMoc Include="..\..\..\src\playerUI\playerWidget.h">
      <Filter>playerUI</Filter>
    </QtMoc>
    <QtMoc Include="..\..\..\src\playerUI\videoFrameWidget.h">
      <Filter>playerUI</Filter>
    </QtMoc>
  </ItemGroup>
  <ItemGroup>
    <QtUic Include="..\..\..\src\parserUI\certificateStorageDialog.ui">
      <Filter>parserUI</Filter>
    </QtUic>
    <QtUic Include="..\..\..\src\parserUI\parserWidget.ui">
      <Filter>parserUI</Filter>
    </QtUic>
    <QtUic Include="..\..\..\src\parserUI\verifyerdialog.ui">
      <Filter>parserUI</Filter>
    </QtUic>
    <QtUic Include="..\..\..\src\playerUI\controlsWidget.ui">
      <Filter>playerUI</Filter>
    </QtUic>
    <QtUic Include="..\..\..\src\playerUI\playerWidget.ui">
      <Filter>playerUI</Filter>
    </QtUic>
  </ItemGroup>
  <ItemGroup>
    <Image Include="..\..\..\src\resources\fullscreen.png">
      <Filter>resources</Filter>
    </Image>
    <Image Include="..\..\..\src\resources\media_next.png">
      <Filter>resources</Filter>
    </Image>
    <Image Include="..\..\..\src\resources\media_pause.png">
      <Filter>resources</Filter>
    </Image>
    <Image Include="..\..\..\src\resources\media_play.png">
      <Filter>resources</Filter>
    </Image>
    <Image Include="..\..\..\src\resources\media_prev.png">
      <Filter>resources</Filter>
    </Image>
    <Image Include="..\..\..\src\resources\media_stop.png">
      <Filter>resources</Filter>
    </Image>
    <Image Include="..\..\..\src\resources\movie_frame.png">
      <Filter>resources</Filter>
    </Image>
    <Image Include="..\..\..\src\resources\mute.png">
      <Filter>resources</Filter>
    </Image>
    <Image Include="..\..\..\src\resources\Onvif.png">
      <Filter>resources</Filter>
    </Image>
    <Image Include="..\..\..\src\resources\ONVIFPlayer.ico">
      <Filter>resources</Filter>
    </Image>
    <Image Include="..\..\..\src\resources\volume.png">
      <Filter>resources</Filter>
    </Image>
  </ItemGroup>
  <ItemGroup>
    <ResourceCompile Include="..\..\..\src\resources\ONVIFPlayer.rc">
      <Filter>resources</Filter>
    </ResourceCompile>
  </ItemGroup>
  <ItemGroup>
    <QtRcc Include="..\..\..\src\resources\resources.qrc">
      <Filter>resources</Filter>
    </QtRcc>
  </ItemGroup>
</Project>