
Microsoft Visual Studio Solution File, Format Version 12.00
# Visual Studio Version 17
VisualStudioVersion = 17.8.34408.163
MinimumVisualStudioVersion = 10.0.40219.1
Project("{2150E333-8FDC-42A3-9474-1A3956D46DE8}") = "Additional", "Additional", "{998EE075-324E-453F-BE81-9ABF4D2630A5}"
EndProject
Project("{8BC9CEB8-8B4A-11D0-8D11-00A0C91BC942}") = "signed-media-framework", "..\..\3rdparty\signed-media-framework\VS2022\signed-media-framework.vcxproj", "{C02ECFE1-167F-4B83-B8D2-33025B5B111F}"
EndProject
Project("{8BC9CEB8-8B4A-11D0-8D11-00A0C91BC942}") = "signer", "..\..\3rdparty\signed-media-framework\VS2022\signer.vcxproj", "{69BC1A2E-5280-4658-B500-DF0ED61F9308}"
EndProject
Project("{8BC9CEB8-8B4A-11D0-8D11-00A0C91BC942}") = "validator", "..\..\3rdparty\signed-media-framework\VS2022\validator.vcxproj", "{73DF3554-1F71-47DF-8CA6-D774822BA766}"
EndProject
Project("{8BC9CEB8-8B4A-11D0-8D11-00A0C91BC942}") = "ONVIFPlayer", "ONVIFPlayer\ONVIFPlayer.vcxproj", "{D8BEAD3B-340A-4048-BF63-CF2CA19EEDBB}"
EndProject
Project("{8BC9CEB8-8B4A-11D0-8D11-00A0C91BC942}") = "PortAudio", "..\..\3rdparty\build\portaudio\PortAudio.vcxproj", "{AE9A9C1E-AEE2-3663-B959-03F6532B1260}"
EndProject
Project("{8BC9CEB8-8B4A-11D0-8D11-00A0C91BC942}") = "pugixml-static", "..\..\3rdparty\build\pugixml\pugixml-static.vcxproj", "{5143773D-DD9F-38CC-A87F-8490661B99FE}"
EndProject
Project("{8BC9CEB8-8B4A-11D0-8D11-00A0C91BC942}") = "ONVIFPlayerLib", "ONVIFPlayerLib\ONVIFPlayerLib.vcxproj", "{C76A39F2-DB97-45BF-A8E6-B28C294615ED}"
EndProject
Project("{2150E333-8FDC-42A3-9474-1A3956D46DE8}") = "tests", "tests", "{670EC23B-CBDB-454D-AF59-A04B77D26987}"
EndProject
Project("{8BC9CEB8-8B4A-11D0-8D11-00A0C91BC942}") = "additionalUserInformationBoxTest", "tests\additionalUserInformationBoxTest\additionalUserInformationBoxTest.vcxproj", "{F7B99396-2AC0-43AE-811C-8ADE785FF450}"
EndProject
Project("{8BC9CEB8-8B4A-11D0-8D11-00A0C91BC942}") = "afIdentificationBoxTest", "tests\afIdentificationBoxTest\afIdentificationBoxTest.vcxproj", "{A6A4503E-8287-4915-A1AA-F1DAEE4A46A8}"
EndProject
Project("{8BC9CEB8-8B4A-11D0-8D11-00A0C91BC942}") = "cameraMicrophoneIdentificationBoxTest", "tests\cameraMicrophoneIdentificationBoxTest\cameraMicrophoneIdentificationBoxTest.vcxproj", "{B5B55649-93EA-4202-B870-7F813804894B}"
EndProject
Project("{8BC9CEB8-8B4A-11D0-8D11-00A0C91BC942}") = "certificateBoxTest", "tests\certificateBoxTest\certificateBoxTest.vcxproj", "{924FC7BC-D2F1-4FB3-87A1-0BC354B37683}"
EndProject
Project("{8BC9CEB8-8B4A-11D0-8D11-00A0C91BC942}") = "certificateSSLTest", "tests\certificateSSLTest\certificateSSLTest.vcxproj", "{00F02002-4431-4D9D-9401-FABCAEBB8DE6}"
EndProject
Project("{8BC9CEB8-8B4A-11D0-8D11-00A0C91BC942}") = "compactSampleSizeBoxTest", "tests\compactSampleSizeBoxTest\compactSampleSizeBoxTest.vcxproj", "{D881EFA8-952A-45F9-9CB2-68A1BAD9760C}"
EndProject
Project("{8BC9CEB8-8B4A-11D0-8D11-00A0C91BC942}") = "editListBoxTest", "tests\editListBoxTest\editListBoxTest.vcxproj", "{932574FD-FA13-4E7E-AB7F-FF4A1F51A556}"
EndProject
Project("{8BC9CEB8-8B4A-11D0-8D11-00A0C91BC942}") = "mediaHeaderBoxTest", "tests\mediaHeaderBoxTest\mediaHeaderBoxTest.vcxproj", "{4F27C606-2C1B-4D5C-A27A-837753568C32}"
EndProject
Project("{8BC9CEB8-8B4A-11D0-8D11-00A0C91BC942}") = "movieExtendsHeaderBoxTest", "tests\movieExtendsHeaderBoxTest\movieExtendsHeaderBoxTest.vcxproj", "{7A6FE12D-8209-4A70-BFAB-48A5935C43BD}"
EndProject
Project("{8BC9CEB8-8B4A-11D0-8D11-00A0C91BC942}") = "movieHeaderBoxTest", "tests\movieHeaderBoxTest\movieHeaderBoxTest.vcxproj", "{EC0C1805-92B9-4AA8-A075-D95BDE943C86}"
EndProject
Project("{8BC9CEB8-8B4A-11D0-8D11-00A0C91BC942}") = "sampleDependencyTypeBoxTest", "tests\sampleDependencyTypeBoxTest\sampleDependencyTypeBoxTest.vcxproj", "{236661CB-8C14-4A39-B05E-371500E96413}"
EndProject
Project("{8BC9CEB8-8B4A-11D0-8D11-00A0C91BC942}") = "sampleSizeBoxTest", "tests\sampleSizeBoxTest\sampleSizeBoxTest.vcxproj", "{8C1C3ED0-D902-413B-AC6E-BC76D803D002}"
EndProject
Project("{8BC9CEB8-8B4A-11D0-8D11-00A0C91BC942}") = "signatureBoxTest", "tests\signatureBoxTest\signatureBoxTest.vcxproj", "{07C10330-9514-4A52-92F5-4F5B834FB912}"
EndProject
Project("{8BC9CEB8-8B4A-11D0-8D11-00A0C91BC942}") = "signatureConfigurationBoxTest", "tests\signatureConfigurationBoxTest\signatureConfigurationBoxTest.vcxproj", "{D51876BB-FF02-435F-947B-DBC96DD004A0}"
EndProject
Project("{8BC9CEB8-8B4A-11D0-8D11-00A0C91BC942}") = "surveillanceExportBoxTest", "tests\surveillanceExportBoxTest\surveillanceExportBoxTest.vcxproj", "{0DEA2838-C5DE-406D-B4A4-3C5467D9CA09}"
EndProject
Project("{8BC9CEB8-8B4A-11D0-8D11-00A0C91BC942}") = "surveillanceMetadataSampleConfigBoxTest", "tests\surveillanceMetadataSampleConfigBoxTest\surveillanceMetadataSampleConfigBoxTest.vcxproj", "{6DA0A884-97E6-44A8-9F85-D6631A87C9FC}"
EndProject
Project("{8BC9CEB8-8B4A-11D0-8D11-00A0C91BC942}") = "surveillanceMetadataSampleEntryBoxTest", "tests\surveillanceMetadataSampleEntryBoxTest\surveillanceMetadataSampleEntryBoxTest.vcxproj", "{8B859A7F-931F-4C4A-A2B8-28A411BE604A}"
EndProject
Project("{8BC9CEB8-8B4A-11D0-8D11-00A0C91BC942}") = "trackFragmentHeaderBoxTest", "tests\trackFragmentHeaderBoxTest\trackFragmentHeaderBoxTest.vcxproj", "{2978EB53-5AAB-4FB2-8B4F-712952315C94}"
EndProject
Project("{8BC9CEB8-8B4A-11D0-8D11-00A0C91BC942}") = "trackFragmentRandomAccessBoxTest", "tests\trackFragmentRandomAccessBoxTest\trackFragmentRandomAccessBoxTest.vcxproj", "{AEF44222-5127-466A-A1D0-4E25800DF7C8}"
EndProject
Project("{8BC9CEB8-8B4A-11D0-8D11-00A0C91BC942}") = "trackHeaderBoxTest", "tests\trackHeaderBoxTest\trackHeaderBoxTest.vcxproj", "{B18AC2FA-E268-401E-8D16-14A08A770273}"
EndProject
Project("{8BC9CEB8-8B4A-11D0-8D11-00A0C91BC942}") = "trackRunBoxTest", "tests\trackRunBoxTest\trackRunBoxTest.vcxproj", "{32990AD6-F01B-4993-88B6-762CC781AF9D}"
EndProject
Global
	GlobalSection(SolutionConfigurationPlatforms) = preSolution
		Debug|x64 = Debug|x64
		Release|x64 = Release|x64
	EndGlobalSection
	GlobalSection(ProjectConfigurationPlatforms) = postSolution
		{C02ECFE1-167F-4B83-B8D2-33025B5B111F}.Debug|x64.ActiveCfg = Debug|x64
		{C02ECFE1-167F-4B83-B8D2-33025B5B111F}.Debug|x64.Build.0 = Debug|x64
		{C02ECFE1-167F-4B83-B8D2-33025B5B111F}.Release|x64.ActiveCfg = Release|x64
		{C02ECFE1-167F-4B83-B8D2-33025B5B111F}.Release|x64.Build.0 = Release|x64
		{69BC1A2E-5280-4658-B500-DF0ED61F9308}.Debug|x64.ActiveCfg = Debug|x64
		{69BC1A2E-5280-4658-B500-DF0ED61F9308}.Debug|x64.Build.0 = Debug|x64
		{69BC1A2E-5280-4658-B500-DF0ED61F9308}.Release|x64.ActiveCfg = Release|x64
		{69BC1A2E-5280-4658-B500-DF0ED61F9308}.Release|x64.Build.0 = Release|x64
		{73DF3554-1F71-47DF-8CA6-D774822BA766}.Debug|x64.ActiveCfg = Debug|x64
		{73DF3554-1F71-47DF-8CA6-D774822BA766}.Debug|x64.Build.0 = Debug|x64
		{73DF3554-1F71-47DF-8CA6-D774822BA766}.Release|x64.ActiveCfg = Release|x64
		{73DF3554-1F71-47DF-8CA6-D774822BA766}.Release|x64.Build.0 = Release|x64
		{D8BEAD3B-340A-4048-BF63-CF2CA19EEDBB}.Debug|x64.ActiveCfg = Debug|x64
		{D8BEAD3B-340A-4048-BF63-CF2CA19EEDBB}.Debug|x64.Build.0 = Debug|x64
		{D8BEAD3B-340A-4048-BF63-CF2CA19EEDBB}.Release|x64.ActiveCfg = Release|x64
		{D8BEAD3B-340A-4048-BF63-CF2CA19EEDBB}.Release|x64.Build.0 = Release|x64
		{AE9A9C1E-AEE2-3663-B959-03F6532B1260}.Debug|x64.ActiveCfg = Debug|x64
		{AE9A9C1E-AEE2-3663-B959-03F6532B1260}.Debug|x64.Build.0 = Debug|x64
		{AE9A9C1E-AEE2-3663-B959-03F6532B1260}.Release|x64.ActiveCfg = Release|x64
		{AE9A9C1E-AEE2-3663-B959-03F6532B1260}.Release|x64.Build.0 = Release|x64
		{5143773D-DD9F-38CC-A87F-8490661B99FE}.Debug|x64.ActiveCfg = Debug|x64
		{5143773D-DD9F-38CC-A87F-8490661B99FE}.Debug|x64.Build.0 = Debug|x64
		{5143773D-DD9F-38CC-A87F-8490661B99FE}.Release|x64.ActiveCfg = Release|x64
		{5143773D-DD9F-38CC-A87F-8490661B99FE}.Release|x64.Build.0 = Release|x64
		{C76A39F2-DB97-45BF-A8E6-B28C294615ED}.Debug|x64.ActiveCfg = Debug|x64
		{C76A39F2-DB97-45BF-A8E6-B28C294615ED}.Debug|x64.Build.0 = Debug|x64
		{C76A39F2-DB97-45BF-A8E6-B28C294615ED}.Release|x64.ActiveCfg = Release|x64
		{C76A39F2-DB97-45BF-A8E6-B28C294615ED}.Release|x64.Build.0 = Release|x64
		{F7B99396-2AC0-43AE-811C-8ADE785FF450}.Debug|x64.ActiveCfg = Debug|x64
		{F7B99396-2AC0-43AE-811C-8ADE785FF450}.Debug|x64.Build.0 = Debug|x64
		{F7B99396-2AC0-43AE-811C-8ADE785FF450}.Release|x64.ActiveCfg = Release|x64
		{F7B99396-2AC0-43AE-811C-8ADE785FF450}.Release|x64.Build.0 = Release|x64
		{A6A4503E-8287-4915-A1AA-F1DAEE4A46A8}.Debug|x64.ActiveCfg = Debug|x64
		{A6A4503E-8287-4915-A1AA-F1DAEE4A46A8}.Debug|x64.Build.0 = Debug|x64
		{A6A4503E-8287-4915-A1AA-F1DAEE4A46A8}.Release|x64.ActiveCfg = Release|x64
		{A6A4503E-8287-4915-A1AA-F1DAEE4A46A8}.Release|x64.Build.0 = Release|x64
		{B5B55649-93EA-4202-B870-7F813804894B}.Debug|x64.ActiveCfg = Debug|x64
		{B5B55649-93EA-4202-B870-7F813804894B}.Debug|x64.Build.0 = Debug|x64
		{B5B55649-93EA-4202-B870-7F813804894B}.Release|x64.ActiveCfg = Release|x64
		{B5B55649-93EA-4202-B870-7F813804894B}.Release|x64.Build.0 = Release|x64
		{924FC7BC-D2F1-4FB3-87A1-0BC354B37683}.Debug|x64.ActiveCfg = Debug|x64
		{924FC7BC-D2F1-4FB3-87A1-0BC354B37683}.Debug|x64.Build.0 = Debug|x64
		{924FC7BC-D2F1-4FB3-87A1-0BC354B37683}.Release|x64.ActiveCfg = Release|x64
		{924FC7BC-D2F1-4FB3-87A1-0BC354B37683}.Release|x64.Build.0 = Release|x64
		{00F02002-4431-4D9D-9401-FABCAEBB8DE6}.Debug|x64.ActiveCfg = Debug|x64
		{00F02002-4431-4D9D-9401-FABCAEBB8DE6}.Debug|x64.Build.0 = Debug|x64
		{00F02002-4431-4D9D-9401-FABCAEBB8DE6}.Release|x64.ActiveCfg = Release|x64
		{00F02002-4431-4D9D-9401-FABCAEBB8DE6}.Release|x64.Build.0 = Release|x64
		{D881EFA8-952A-45F9-9CB2-68A1BAD9760C}.Debug|x64.ActiveCfg = Debug|x64
		{D881EFA8-952A-45F9-9CB2-68A1BAD9760C}.Debug|x64.Build.0 = Debug|x64
		{D881EFA8-952A-45F9-9CB2-68A1BAD9760C}.Release|x64.ActiveCfg = Release|x64
		{D881EFA8-952A-45F9-9CB2-68A1BAD9760C}.Release|x64.Build.0 = Release|x64
		{932574FD-FA13-4E7E-AB7F-FF4A1F51A556}.Debug|x64.ActiveCfg = Debug|x64
		{932574FD-FA13-4E7E-AB7F-FF4A1F51A556}.Debug|x64.Build.0 = Debug|x64
		{932574FD-FA13-4E7E-AB7F-FF4A1F51A556}.Release|x64.ActiveCfg = Release|x64
		{932574FD-FA13-4E7E-AB7F-FF4A1F51A556}.Release|x64.Build.0 = Release|x64
		{4F27C606-2C1B-4D5C-A27A-837753568C32}.Debug|x64.ActiveCfg = Debug|x64
		{4F27C606-2C1B-4D5C-A27A-837753568C32}.Debug|x64.Build.0 = Debug|x64
		{4F27C606-2C1B-4D5C-A27A-837753568C32}.Release|x64.ActiveCfg = Release|x64
		{4F27C606-2C1B-4D5C-A27A-837753568C32}.Release|x64.Build.0 = Release|x64
		{7A6FE12D-8209-4A70-BFAB-48A5935C43BD}.Debug|x64.ActiveCfg = Debug|x64
		{7A6FE12D-8209-4A70-BFAB-48A5935C43BD}.Debug|x64.Build.0 = Debug|x64
		{7A6FE12D-8209-4A70-BFAB-48A5935C43BD}.Release|x64.ActiveCfg = Release|x64
		{7A6FE12D-8209-4A70-BFAB-48A5935C43BD}.Release|x64.Build.0 = Release|x64
		{EC0C1805-92B9-4AA8-A075-D95BDE943C86}.Debug|x64.ActiveCfg = Debug|x64
		{EC0C1805-92B9-4AA8-A075-D95BDE943C86}.Debug|x64.Build.0 = Debug|x64
		{EC0C1805-92B9-4AA8-A075-D95BDE943C86}.Release|x64.ActiveCfg = Release|x64
		{EC0C1805-92B9-4AA8-A075-D95BDE943C86}.Release|x64.Build.0 = Release|x64
		{236661CB-8C14-4A39-B05E-371500E96413}.Debug|x64.ActiveCfg = Debug|x64
		{236661CB-8C14-4A39-B05E-371500E96413}.Debug|x64.Build.0 = Debug|x64
		{236661CB-8C14-4A39-B05E-371500E96413}.Release|x64.ActiveCfg = Release|x64
		{236661CB-8C14-4A39-B05E-371500E96413}.Release|x64.Build.0 = Release|x64
		{8C1C3ED0-D902-413B-AC6E-BC76D803D002}.Debug|x64.ActiveCfg = Debug|x64
		{8C1C3ED0-D902-413B-AC6E-BC76D803D002}.Debug|x64.Build.0 = Debug|x64
		{8C1C3ED0-D902-413B-AC6E-BC76D803D002}.Release|x64.ActiveCfg = Release|x64
		{8C1C3ED0-D902-413B-AC6E-BC76D803D002}.Release|x64.Build.0 = Release|x64
		{07C10330-9514-4A52-92F5-4F5B834FB912}.Debug|x64.ActiveCfg = Debug|x64
		{07C10330-9514-4A52-92F5-4F5B834FB912}.Debug|x64.Build.0 = Debug|x64
		{07C10330-9514-4A52-92F5-4F5B834FB912}.Release|x64.ActiveCfg = Release|x64
		{07C10330-9514-4A52-92F5-4F5B834FB912}.Release|x64.Build.0 = Release|x64
		{D51876BB-FF02-435F-947B-DBC96DD004A0}.Debug|x64.ActiveCfg = Debug|x64
		{D51876BB-FF02-435F-947B-DBC96DD004A0}.Debug|x64.Build.0 = Debug|x64
		{D51876BB-FF02-435F-947B-DBC96DD004A0}.Release|x64.ActiveCfg = Release|x64
		{D51876BB-FF02-435F-947B-DBC96DD004A0}.Release|x64.Build.0 = Release|x64
		{0DEA2838-C5DE-406D-B4A4-3C5467D9CA09}.Debug|x64.ActiveCfg = Debug|x64
		{0DEA2838-C5DE-406D-B4A4-3C5467D9CA09}.Debug|x64.Build.0 = Debug|x64
		{0DEA2838-C5DE-406D-B4A4-3C5467D9CA09}.Release|x64.ActiveCfg = Release|x64
		{0DEA2838-C5DE-406D-B4A4-3C5467D9CA09}.Release|x64.Build.0 = Release|x64
		{6DA0A884-97E6-44A8-9F85-D6631A87C9FC}.Debug|x64.ActiveCfg = Debug|x64
		{6DA0A884-97E6-44A8-9F85-D6631A87C9FC}.Debug|x64.Build.0 = Debug|x64
		{6DA0A884-97E6-44A8-9F85-D6631A87C9FC}.Release|x64.ActiveCfg = Release|x64
		{6DA0A884-97E6-44A8-9F85-D6631A87C9FC}.Release|x64.Build.0 = Release|x64
		{8B859A7F-931F-4C4A-A2B8-28A411BE604A}.Debug|x64.ActiveCfg = Debug|x64
		{8B859A7F-931F-4C4A-A2B8-28A411BE604A}.Debug|x64.Build.0 = Debug|x64
		{8B859A7F-931F-4C4A-A2B8-28A411BE604A}.Release|x64.ActiveCfg = Release|x64
		{8B859A7F-931F-4C4A-A2B8-28A411BE604A}.Release|x64.Build.0 = Release|x64
		{2978EB53-5AAB-4FB2-8B4F-712952315C94}.Debug|x64.ActiveCfg = Debug|x64
		{2978EB53-5AAB-4FB2-8B4F-712952315C94}.Debug|x64.Build.0 = Debug|x64
		{2978EB53-5AAB-4FB2-8B4F-712952315C94}.Release|x64.ActiveCfg = Release|x64
		{2978EB53-5AAB-4FB2-8B4F-712952315C94}.Release|x64.Build.0 = Release|x64
		{AEF44222-5127-466A-A1D0-4E25800DF7C8}.Debug|x64.ActiveCfg = Debug|x64
		{AEF44222-5127-466A-A1D0-4E25800DF7C8}.Debug|x64.Build.0 = Debug|x64
		{AEF44222-5127-466A-A1D0-4E25800DF7C8}.Release|x64.ActiveCfg = Release|x64
		{AEF44222-5127-466A-A1D0-4E25800DF7C8}.Release|x64.Build.0 = Release|x64
		{B18AC2FA-E268-401E-8D16-14A08A770273}.Debug|x64.ActiveCfg = Debug|x64
		{B18AC2FA-E268-401E-8D16-14A08A770273}.Debug|x64.Build.0 = Debug|x64
		{B18AC2FA-E268-401E-8D16-14A08A770273}.Release|x64.ActiveCfg = Release|x64
		{B18AC2FA-E268-401E-8D16-14A08A770273}.Release|x64.Build.0 = Release|x64
		{32990AD6-F01B-4993-88B6-762CC781AF9D}.Debug|x64.ActiveCfg = Debug|x64
		{32990AD6-F01B-4993-88B6-762CC781AF9D}.Debug|x64.Build.0 = Debug|x64
		{32990AD6-F01B-4993-88B6-762CC781AF9D}.Release|x64.ActiveCfg = Release|x64
		{32990AD6-F01B-4993-88B6-762CC781AF9D}.Release|x64.Build.0 = Release|x64
	EndGlobalSection
	GlobalSection(SolutionProperties) = preSolution
		HideSolutionNode = FALSE
	EndGlobalSection
	GlobalSection(NestedProjects) = preSolution
		{C02ECFE1-167F-4B83-B8D2-33025B5B111F} = {998EE075-324E-453F-BE81-9ABF4D2630A5}
		{69BC1A2E-5280-4658-B500-DF0ED61F9308} = {998EE075-324E-453F-BE81-9ABF4D2630A5}
		{73DF3554-1F71-47DF-8CA6-D774822BA766} = {998EE075-324E-453F-BE81-9ABF4D2630A5}
		{AE9A9C1E-AEE2-3663-B959-03F6532B1260} = {998EE075-324E-453F-BE81-9ABF4D2630A5}
		{5143773D-DD9F-38CC-A87F-8490661B99FE} = {998EE075-324E-453F-BE81-9ABF4D2630A5}
		{F7B99396-2AC0-43AE-811C-8ADE785FF450} = {670EC23B-CBDB-454D-AF59-A04B77D26987}
		{A6A4503E-8287-4915-A1AA-F1DAEE4A46A8} = {670EC23B-CBDB-454D-AF59-A04B77D26987}
		{B5B55649-93EA-4202-B870-7F813804894B} = {670EC23B-CBDB-454D-AF59-A04B77D26987}
		{924FC7BC-D2F1-4FB3-87A1-0BC354B37683} = {670EC23B-CBDB-454D-AF59-A04B77D26987}
		{00F02002-4431-4D9D-9401-FABCAEBB8DE6} = {670EC23B-CBDB-454D-AF59-A04B77D26987}
		{D881EFA8-952A-45F9-9CB2-68A1BAD9760C} = {670EC23B-CBDB-454D-AF59-A04B77D26987}
		{932574FD-FA13-4E7E-AB7F-FF4A1F51A556} = {670EC23B-CBDB-454D-AF59-A04B77D26987}
		{4F27C606-2C1B-4D5C-A27A-837753568C32} = {670EC23B-CBDB-454D-AF59-A04B77D26987}
		{7A6FE12D-8209-4A70-BFAB-48A5935C43BD} = {670EC23B-CBDB-454D-AF59-A04B77D26987}
		{EC0C1805-92B9-4AA8-A075-D95BDE943C86} = {670EC23B-CBDB-454D-AF59-A04B77D26987}
		{236661CB-8C14-4A39-B05E-371500E96413} = {670EC23B-CBDB-454D-AF59-A04B77D26987}
		{8C1C3ED0-D902-413B-AC6E-BC76D803D002} = {670EC23B-CBDB-454D-AF59-A04B77D26987}
		{07C10330-9514-4A52-92F5-4F5B834FB912} = {670EC23B-CBDB-454D-AF59-A04B77D26987}
		{D51876BB-FF02-435F-947B-DBC96DD004A0} = {670EC23B-CBDB-454D-AF59-A04B77D26987}
		{0DEA2838-C5DE-406D-B4A4-3C5467D9CA09} = {670EC23B-CBDB-454D-AF59-A04B77D26987}
		{6DA0A884-97E6-44A8-9F85-D6631A87C9FC} = {670EC23B-CBDB-454D-AF59-A04B77D26987}
		{8B859A7F-931F-4C4A-A2B8-28A411BE604A} = {670EC23B-CBDB-454D-AF59-A04B77D26987}
		{2978EB53-5AAB-4FB2-8B4F-712952315C94} = {670EC23B-CBDB-454D-AF59-A04B77D26987}
		{AEF44222-5127-466A-A1D0-4E25800DF7C8} = {670EC23B-CBDB-454D-AF59-A04B77D26987}
		{B18AC2FA-E268-401E-8D16-14A08A770273} = {670EC23B-CBDB-454D-AF59-A04B77D26987}
		{32990AD6-F01B-4993-88B6-762CC781AF9D} = {670EC23B-CBDB-454D-AF59-A04B77D26987}
	EndGlobalSection
	GlobalSection(ExtensibilityGlobals) = postSolution
		SolutionGuid = {22EADF74-A363-472C-9201-52A949DBEFE8}
	EndGlobalSection
EndGlobal
